
Microsoft Visual Studio Solution File, Format Version 12.00
# Visual Studio Version 17
VisualStudioVersion = 17.0.31903.59
MinimumVisualStudioVersion = 10.0.40219.1
Project("{2150E333-8FDC-42A3-9474-1A3956D46DE8}") = "src", "src", "{AC3E2B0D-74E9-4470-B27F-2F1732415D3B}"
EndProject
Project("{FAE04EC0-301F-11D3-BF4B-00C04F79EFBC}") = "Grimoire.Domain", "src\Grimoire.Domain\Grimoire.Domain.csproj", "{7E0B9E0D-B24B-4174-B27A-3E675021BB28}"
EndProject
Project("{FAE04EC0-301F-11D3-BF4B-00C04F79EFBC}") = "Grimoire.Hub", "src\Grimoire.Hub\Grimoire.Hub.csproj", "{07CA62A8-CBE1-4FAE-9F84-E46089965E07}"
EndProject
Project("{FAE04EC0-301F-11D3-BF4B-00C04F79EFBC}") = "Grimoire.IngestAgent", "src\Grimoire.IngestAgent\Grimoire.IngestAgent.csproj", "{8597DC95-68A9-4606-8762-292DF4BEEBA8}"
EndProject
Project("{2150E333-8FDC-42A3-9474-1A3956D46DE8}") = "tests", "tests", "{33EE94B7-FA79-4B72-900C-C8CB31835DA8}"
EndProject
Project("{FAE04EC0-301F-11D3-BF4B-00C04F79EFBC}") = "Grimoire.ArchTests", "tests\Grimoire.ArchTests\Grimoire.ArchTests.csproj", "{C50E4F6C-C185-4928-9ACF-ACF056019D40}"
EndProject
Project("{FAE04EC0-301F-11D3-BF4B-00C04F79EFBC}") = "Grimoire.IntegrationTests", "tests\Grimoire.IntegrationTests\Grimoire.IntegrationTests.csproj", "{A713CAD4-702F-40BC-8555-D4C17D2B002E}"
EndProject
Project("{FAE04EC0-301F-11D3-BF4B-00C04F79EFBC}") = "Grimoire.Domain.UnitTests", "tests\Grimoire.Domain.UnitTests\Grimoire.Domain.UnitTests.csproj", "{FAE8630A-1B2C-4803-97A5-45DE582254F0}"
EndProject
Global
	GlobalSection(SolutionConfigurationPlatforms) = preSolution
		Debug|Any CPU = Debug|Any CPU
		Release|Any CPU = Release|Any CPU
	EndGlobalSection
	GlobalSection(SolutionProperties) = preSolution
		HideSolutionNode = FALSE
	EndGlobalSection
	GlobalSection(ProjectConfigurationPlatforms) = postSolution
		{7E0B9E0D-B24B-4174-B27A-3E675021BB28}.Debug|Any CPU.ActiveCfg = Debug|Any CPU
		{7E0B9E0D-B24B-4174-B27A-3E675021BB28}.Debug|Any CPU.Build.0 = Debug|Any CPU
		{7E0B9E0D-B24B-4174-B27A-3E675021BB28}.Release|Any CPU.ActiveCfg = Release|Any CPU
		{7E0B9E0D-B24B-4174-B27A-3E675021BB28}.Release|Any CPU.Build.0 = Release|Any CPU
		{07CA62A8-CBE1-4FAE-9F84-E46089965E07}.Debug|Any CPU.ActiveCfg = Debug|Any CPU
		{07CA62A8-CBE1-4FAE-9F84-E46089965E07}.Debug|Any CPU.Build.0 = Debug|Any CPU
		{07CA62A8-CBE1-4FAE-9F84-E46089965E07}.Release|Any CPU.ActiveCfg = Release|Any CPU
		{07CA62A8-CBE1-4FAE-9F84-E46089965E07}.Release|Any CPU.Build.0 = Release|Any CPU
		{8597DC95-68A9-4606-8762-292DF4BEEBA8}.Debug|Any CPU.ActiveCfg = Debug|Any CPU
		{8597DC95-68A9-4606-8762-292DF4BEEBA8}.Debug|Any CPU.Build.0 = Debug|Any CPU
		{8597DC95-68A9-4606-8762-292DF4BEEBA8}.Release|Any CPU.ActiveCfg = Release|Any CPU
		{8597DC95-68A9-4606-8762-292DF4BEEBA8}.Release|Any CPU.Build.0 = Release|Any CPU
		{C50E4F6C-C185-4928-9ACF-ACF056019D40}.Debug|Any CPU.ActiveCfg = Debug|Any CPU
		{C50E4F6C-C185-4928-9ACF-ACF056019D40}.Debug|Any CPU.Build.0 = Debug|Any CPU
		{C50E4F6C-C185-4928-9ACF-ACF056019D40}.Release|Any CPU.ActiveCfg = Release|Any CPU
		{C50E4F6C-C185-4928-9ACF-ACF056019D40}.Release|Any CPU.Build.0 = Release|Any CPU
		{A713CAD4-702F-40BC-8555-D4C17D2B002E}.Debug|Any CPU.ActiveCfg = Debug|Any CPU
		{A713CAD4-702F-40BC-8555-D4C17D2B002E}.Debug|Any CPU.Build.0 = Debug|Any CPU
		{A713CAD4-702F-40BC-8555-D4C17D2B002E}.Release|Any CPU.ActiveCfg = Release|Any CPU
		{A713CAD4-702F-40BC-8555-D4C17D2B002E}.Release|Any CPU.Build.0 = Release|Any CPU
		{FAE8630A-1B2C-4803-97A5-45DE582254F0}.Debug|Any CPU.ActiveCfg = Debug|Any CPU
		{FAE8630A-1B2C-4803-97A5-45DE582254F0}.Debug|Any CPU.Build.0 = Debug|Any CPU
		{FAE8630A-1B2C-4803-97A5-45DE582254F0}.Release|Any CPU.ActiveCfg = Release|Any CPU
		{FAE8630A-1B2C-4803-97A5-45DE582254F0}.Release|Any CPU.Build.0 = Release|Any CPU
	EndGlobalSection
	GlobalSection(NestedProjects) = preSolution
		{7E0B9E0D-B24B-4174-B27A-3E675021BB28} = {AC3E2B0D-74E9-4470-B27F-2F1732415D3B}
		{07CA62A8-CBE1-4FAE-9F84-E46089965E07} = {AC3E2B0D-74E9-4470-B27F-2F1732415D3B}
		{8597DC95-68A9-4606-8762-292DF4BEEBA8} = {AC3E2B0D-74E9-4470-B27F-2F1732415D3B}
		{C50E4F6C-C185-4928-9ACF-ACF056019D40} = {33EE94B7-FA79-4B72-900C-C8CB31835DA8}
		{A713CAD4-702F-40BC-8555-D4C17D2B002E} = {33EE94B7-FA79-4B72-900C-C8CB31835DA8}
		{FAE8630A-1B2C-4803-97A5-45DE582254F0} = {33EE94B7-FA79-4B72-900C-C8CB31835DA8}
	EndGlobalSection
EndGlobal
